
Microsoft Visual Studio Solution File, Format Version 12.00
# Visual Studio Version 16
VisualStudioVersion = 16.0.29503.13
MinimumVisualStudioVersion = 15.0.26124.0
Project("{2150E333-8FDC-42A3-9474-1A3956D46DE8}") = "services", "services", "{C6E72E07-B97F-4F61-8589-A6C4D1F276BC}"
EndProject
Project("{2150E333-8FDC-42A3-9474-1A3956D46DE8}") = "webapp", "webapp", "{4197E286-9037-4B50-BF13-727201988364}"
EndProject
Project("{9A19103F-16F7-4668-BE54-9A1E7A4F7556}") = "ServiceA", "services\ServiceA\ServiceA.csproj", "{9FF3D48D-F1A8-4E5A-99CF-C2FA4E517FA7}"
EndProject
Project("{9A19103F-16F7-4668-BE54-9A1E7A4F7556}") = "ServiceB", "services\ServiceB\ServiceB.csproj", "{2971044C-A8D5-4D23-996A-BC242A396AE0}"
EndProject
Project("{9A19103F-16F7-4668-BE54-9A1E7A4F7556}") = "ServiceC", "services\ServiceC\ServiceC.csproj", "{9AFE35DD-C10B-48D5-8C0F-6E6751CCE943}"
EndProject
Project("{9A19103F-16F7-4668-BE54-9A1E7A4F7556}") = "WebApp", "webapp\WebApp.csproj", "{3BB8111B-223B-43CE-A87C-ECC8A7252190}"
EndProject
Global
	GlobalSection(SolutionConfigurationPlatforms) = preSolution
		Debug|Any CPU = Debug|Any CPU
		Debug|x64 = Debug|x64
		Debug|x86 = Debug|x86
		Release|Any CPU = Release|Any CPU
		Release|x64 = Release|x64
		Release|x86 = Release|x86
	EndGlobalSection
	GlobalSection(ProjectConfigurationPlatforms) = postSolution
		{9FF3D48D-F1A8-4E5A-99CF-C2FA4E517FA7}.Debug|Any CPU.ActiveCfg = Debug|Any CPU
		{9FF3D48D-F1A8-4E5A-99CF-C2FA4E517FA7}.Debug|Any CPU.Build.0 = Debug|Any CPU
		{9FF3D48D-F1A8-4E5A-99CF-C2FA4E517FA7}.Debug|x64.ActiveCfg = Debug|Any CPU
		{9FF3D48D-F1A8-4E5A-99CF-C2FA4E517FA7}.Debug|x64.Build.0 = Debug|Any CPU
		{9FF3D48D-F1A8-4E5A-99CF-C2FA4E517FA7}.Debug|x86.ActiveCfg = Debug|Any CPU
		{9FF3D48D-F1A8-4E5A-99CF-C2FA4E517FA7}.Debug|x86.Build.0 = Debug|Any CPU
		{9FF3D48D-F1A8-4E5A-99CF-C2FA4E517FA7}.Release|Any CPU.ActiveCfg = Release|Any CPU
		{9FF3D48D-F1A8-4E5A-99CF-C2FA4E517FA7}.Release|Any CPU.Build.0 = Release|Any CPU
		{9FF3D48D-F1A8-4E5A-99CF-C2FA4E517FA7}.Release|x64.ActiveCfg = Release|Any CPU
		{9FF3D48D-F1A8-4E5A-99CF-C2FA4E517FA7}.Release|x64.Build.0 = Release|Any CPU
		{9FF3D48D-F1A8-4E5A-99CF-C2FA4E517FA7}.Release|x86.ActiveCfg = Release|Any CPU
		{9FF3D48D-F1A8-4E5A-99CF-C2FA4E517FA7}.Release|x86.Build.0 = Release|Any CPU
		{2971044C-A8D5-4D23-996A-BC242A396AE0}.Debug|Any CPU.ActiveCfg = Debug|Any CPU
		{2971044C-A8D5-4D23-996A-BC242A396AE0}.Debug|Any CPU.Build.0 = Debug|Any CPU
		{2971044C-A8D5-4D23-996A-BC242A396AE0}.Debug|x64.ActiveCfg = Debug|Any CPU
		{2971044C-A8D5-4D23-996A-BC242A396AE0}.Debug|x64.Build.0 = Debug|Any CPU
		{2971044C-A8D5-4D23-996A-BC242A396AE0}.Debug|x86.ActiveCfg = Debug|Any CPU
		{2971044C-A8D5-4D23-996A-BC242A396AE0}.Debug|x86.Build.0 = Debug|Any CPU
		{2971044C-A8D5-4D23-996A-BC242A396AE0}.Release|Any CPU.ActiveCfg = Release|Any CPU
		{2971044C-A8D5-4D23-996A-BC242A396AE0}.Release|Any CPU.Build.0 = Release|Any CPU
		{2971044C-A8D5-4D23-996A-BC242A396AE0}.Release|x64.ActiveCfg = Release|Any CPU
		{2971044C-A8D5-4D23-996A-BC242A396AE0}.Release|x64.Build.0 = Release|Any CPU
		{2971044C-A8D5-4D23-996A-BC242A396AE0}.Release|x86.ActiveCfg = Release|Any CPU
		{2971044C-A8D5-4D23-996A-BC242A396AE0}.Release|x86.Build.0 = Release|Any CPU
		{9AFE35DD-C10B-48D5-8C0F-6E6751CCE943}.Debug|Any CPU.ActiveCfg = Debug|Any CPU
		{9AFE35DD-C10B-48D5-8C0F-6E6751CCE943}.Debug|Any CPU.Build.0 = Debug|Any CPU
		{9AFE35DD-C10B-48D5-8C0F-6E6751CCE943}.Debug|x64.ActiveCfg = Debug|Any CPU
		{9AFE35DD-C10B-48D5-8C0F-6E6751CCE943}.Debug|x64.Build.0 = Debug|Any CPU
		{9AFE35DD-C10B-48D5-8C0F-6E6751CCE943}.Debug|x86.ActiveCfg = Debug|Any CPU
		{9AFE35DD-C10B-48D5-8C0F-6E6751CCE943}.Debug|x86.Build.0 = Debug|Any CPU
		{9AFE35DD-C10B-48D5-8C0F-6E6751CCE943}.Release|Any CPU.ActiveCfg = Release|Any CPU
		{9AFE35DD-C10B-48D5-8C0F-6E6751CCE943}.Release|Any CPU.Build.0 = Release|Any CPU
		{9AFE35DD-C10B-48D5-8C0F-6E6751CCE943}.Release|x64.ActiveCfg = Release|Any CPU
		{9AFE35DD-C10B-48D5-8C0F-6E6751CCE943}.Release|x64.Build.0 = Release|Any CPU
		{9AFE35DD-C10B-48D5-8C0F-6E6751CCE943}.Release|x86.ActiveCfg = Release|Any CPU
		{9AFE35DD-C10B-48D5-8C0F-6E6751CCE943}.Release|x86.Build.0 = Release|Any CPU
		{3BB8111B-223B-43CE-A87C-ECC8A7252190}.Debug|Any CPU.ActiveCfg = Debug|Any CPU
		{3BB8111B-223B-43CE-A87C-ECC8A7252190}.Debug|Any CPU.Build.0 = Debug|Any CPU
		{3BB8111B-223B-43CE-A87C-ECC8A7252190}.Debug|x64.ActiveCfg = Debug|Any CPU
		{3BB8111B-223B-43CE-A87C-ECC8A7252190}.Debug|x64.Build.0 = Debug|Any CPU
		{3BB8111B-223B-43CE-A87C-ECC8A7252190}.Debug|x86.ActiveCfg = Debug|Any CPU
		{3BB8111B-223B-43CE-A87C-ECC8A7252190}.Debug|x86.Build.0 = Debug|Any CPU
		{3BB8111B-223B-43CE-A87C-ECC8A7252190}.Release|Any CPU.ActiveCfg = Release|Any CPU
		{3BB8111B-223B-43CE-A87C-ECC8A7252190}.Release|Any CPU.Build.0 = Release|Any CPU
		{3BB8111B-223B-43CE-A87C-ECC8A7252190}.Release|x64.ActiveCfg = Release|Any CPU
		{3BB8111B-223B-43CE-A87C-ECC8A7252190}.Release|x64.Build.0 = Release|Any CPU
		{3BB8111B-223B-43CE-A87C-ECC8A7252190}.Release|x86.ActiveCfg = Release|Any CPU
		{3BB8111B-223B-43CE-A87C-ECC8A7252190}.Release|x86.Build.0 = Release|Any CPU
	EndGlobalSection
	GlobalSection(SolutionProperties) = preSolution
		HideSolutionNode = FALSE
	EndGlobalSection
	GlobalSection(NestedProjects) = preSolution
		{9FF3D48D-F1A8-4E5A-99CF-C2FA4E517FA7} = {C6E72E07-B97F-4F61-8589-A6C4D1F276BC}
		{2971044C-A8D5-4D23-996A-BC242A396AE0} = {C6E72E07-B97F-4F61-8589-A6C4D1F276BC}
		{9AFE35DD-C10B-48D5-8C0F-6E6751CCE943} = {C6E72E07-B97F-4F61-8589-A6C4D1F276BC}
		{3BB8111B-223B-43CE-A87C-ECC8A7252190} = {4197E286-9037-4B50-BF13-727201988364}
	EndGlobalSection
	GlobalSection(ExtensibilityGlobals) = postSolution
		SolutionGuid = {12505F2F-40B7-4132-88F6-F15D97E8C84B}
	EndGlobalSection
EndGlobal
