
Microsoft Visual Studio Solution File, Format Version 12.00
# Visual Studio Version 16
VisualStudioVersion = 16.0.29519.87
MinimumVisualStudioVersion = 10.0.40219.1
Project("{2150E333-8FDC-42A3-9474-1A3956D46DE8}") = "services", "services", "{BB8C5FE4-6A47-4A68-A87C-CE56119F33C4}"
EndProject
Project("{9A19103F-16F7-4668-BE54-9A1E7A4F7556}") = "Nemstore.ProductsCatalog.Api", "services\Nemstore.ProductsCatalog.Api\Nemstore.ProductsCatalog.Api.csproj", "{0DD56997-725B-4F74-9C8E-01FB4397CEA4}"
EndProject
Project("{9A19103F-16F7-4668-BE54-9A1E7A4F7556}") = "Nemstore.Bff", "web\backend\NemStore.Bff\Nemstore.Bff.csproj", "{84CEBBA9-B6EE-49EA-99B6-FA44BA67AC6A}"
EndProject
Project("{9A19103F-16F7-4668-BE54-9A1E7A4F7556}") = "Nemstore.Orders.Api", "services\Nemstore.Orders.Api\Nemstore.Orders.Api.csproj", "{15B047D6-23B9-4012-AA0E-1A7F5DC58EC4}"
EndProject
Project("{2150E333-8FDC-42A3-9474-1A3956D46DE8}") = "web", "web", "{2DBF5A9D-5360-41E6-B2CE-2BCDDFC298BC}"
EndProject
Project("{9A19103F-16F7-4668-BE54-9A1E7A4F7556}") = "Nemstore.Orders.Bff", "web\backend\Nemstore.Orders.Bff\Nemstore.Orders.Bff.csproj", "{29EEF542-70B9-4C25-8CF2-93FFC60C04A8}"
EndProject
Global
	GlobalSection(SolutionConfigurationPlatforms) = preSolution
		Debug|Any CPU = Debug|Any CPU
		Release|Any CPU = Release|Any CPU
	EndGlobalSection
	GlobalSection(ProjectConfigurationPlatforms) = postSolution
		{0DD56997-725B-4F74-9C8E-01FB4397CEA4}.Debug|Any CPU.ActiveCfg = Debug|Any CPU
		{0DD56997-725B-4F74-9C8E-01FB4397CEA4}.Debug|Any CPU.Build.0 = Debug|Any CPU
		{0DD56997-725B-4F74-9C8E-01FB4397CEA4}.Release|Any CPU.ActiveCfg = Release|Any CPU
		{0DD56997-725B-4F74-9C8E-01FB4397CEA4}.Release|Any CPU.Build.0 = Release|Any CPU
		{84CEBBA9-B6EE-49EA-99B6-FA44BA67AC6A}.Debug|Any CPU.ActiveCfg = Debug|Any CPU
		{84CEBBA9-B6EE-49EA-99B6-FA44BA67AC6A}.Debug|Any CPU.Build.0 = Debug|Any CPU
		{84CEBBA9-B6EE-49EA-99B6-FA44BA67AC6A}.Release|Any CPU.ActiveCfg = Release|Any CPU
		{84CEBBA9-B6EE-49EA-99B6-FA44BA67AC6A}.Release|Any CPU.Build.0 = Release|Any CPU
		{15B047D6-23B9-4012-AA0E-1A7F5DC58EC4}.Debug|Any CPU.ActiveCfg = Debug|Any CPU
		{15B047D6-23B9-4012-AA0E-1A7F5DC58EC4}.Debug|Any CPU.Build.0 = Debug|Any CPU
		{15B047D6-23B9-4012-AA0E-1A7F5DC58EC4}.Release|Any CPU.ActiveCfg = Release|Any CPU
		{15B047D6-23B9-4012-AA0E-1A7F5DC58EC4}.Release|Any CPU.Build.0 = Release|Any CPU
		{29EEF542-70B9-4C25-8CF2-93FFC60C04A8}.Debug|Any CPU.ActiveCfg = Debug|Any CPU
		{29EEF542-70B9-4C25-8CF2-93FFC60C04A8}.Debug|Any CPU.Build.0 = Debug|Any CPU
		{29EEF542-70B9-4C25-8CF2-93FFC60C04A8}.Release|Any CPU.ActiveCfg = Release|Any CPU
		{29EEF542-70B9-4C25-8CF2-93FFC60C04A8}.Release|Any CPU.Build.0 = Release|Any CPU
	EndGlobalSection
	GlobalSection(SolutionProperties) = preSolution
		HideSolutionNode = FALSE
	EndGlobalSection
	GlobalSection(NestedProjects) = preSolution
		{0DD56997-725B-4F74-9C8E-01FB4397CEA4} = {BB8C5FE4-6A47-4A68-A87C-CE56119F33C4}
		{84CEBBA9-B6EE-49EA-99B6-FA44BA67AC6A} = {2DBF5A9D-5360-41E6-B2CE-2BCDDFC298BC}
		{15B047D6-23B9-4012-AA0E-1A7F5DC58EC4} = {BB8C5FE4-6A47-4A68-A87C-CE56119F33C4}
		{29EEF542-70B9-4C25-8CF2-93FFC60C04A8} = {2DBF5A9D-5360-41E6-B2CE-2BCDDFC298BC}
	EndGlobalSection
	GlobalSection(ExtensibilityGlobals) = postSolution
		SolutionGuid = {2F43F426-E7E6-4CDA-9116-97766EFEBDA6}
	EndGlobalSection
EndGlobal
